
Microsoft Visual Studio Solution File, Format Version 11.00
# Visual Studio 2010
Project("{FAE04EC0-301F-11D3-BF4B-00C04F79EFBC}") = "WebUI", "WebUI\WebUI.csproj", "{82FDDE21-BA8D-43C0-85EB-8AFF53750A21}"
EndProject
Project("{FAE04EC0-301F-11D3-BF4B-00C04F79EFBC}") = "Domain", "Domain\Domain.csproj", "{167F5D49-14A0-46EF-AEFE-5B7EBB505B4C}"
EndProject
Global
	GlobalSection(SolutionConfigurationPlatforms) = preSolution
		Debug|Any CPU = Debug|Any CPU
		Release|Any CPU = Release|Any CPU
	EndGlobalSection
	GlobalSection(ProjectConfigurationPlatforms) = postSolution
		{82FDDE21-BA8D-43C0-85EB-8AFF53750A21}.Debug|Any CPU.ActiveCfg = Debug|Any CPU
		{82FDDE21-BA8D-43C0-85EB-8AFF53750A21}.Debug|Any CPU.Build.0 = Debug|Any CPU
		{82FDDE21-BA8D-43C0-85EB-8AFF53750A21}.Release|Any CPU.ActiveCfg = Release|Any CPU
		{82FDDE21-BA8D-43C0-85EB-8AFF53750A21}.Release|Any CPU.Build.0 = Release|Any CPU
		{167F5D49-14A0-46EF-AEFE-5B7EBB505B4C}.Debug|Any CPU.ActiveCfg = Debug|Any CPU
		{167F5D49-14A0-46EF-AEFE-5B7EBB505B4C}.Debug|Any CPU.Build.0 = Debug|Any CPU
		{167F5D49-14A0-46EF-AEFE-5B7EBB505B4C}.Release|Any CPU.ActiveCfg = Release|Any CPU
		{167F5D49-14A0-46EF-AEFE-5B7EBB505B4C}.Release|Any CPU.Build.0 = Release|Any CPU
	EndGlobalSection
	GlobalSection(SolutionProperties) = preSolution
		HideSolutionNode = FALSE
	EndGlobalSection
EndGlobal
